{
  "format": 1,
  "source": {
    "uri": "https://snapshot.debian.org/archive/debian/20240311T000000Z/",
    "suite": "bookworm",
    "components": ["main"],
    "provenance": "Debian snapshot 20240311T000000Z; package metadata is validated from the snapshot Packages indices"
  },
  "packages": {
    "libdrm2": {"version": "2.4.114-1+b1", "architecture": "amd64", "filename": "libdrm2_2.4.114-1+b1_amd64.deb", "sha256": "be18fb670797ba32da9628cf3e8acd83160d8db8c8dd842501dd8e401c3b5371"},
    "libegl1": {"version": "1.6.0-1", "architecture": "amd64", "filename": "libegl1_1.6.0-1_amd64.deb", "sha256": "fe4d8b39f6e6fe1a32ab1efd85893553eaa9cf3866aa668ccf355f585b37d523"},
    "libgl1-mesa-dri": {"version": "22.3.6-1+deb12u1", "architecture": "amd64", "filename": "libgl1-mesa-dri_22.3.6-1+deb12u1_amd64.deb", "sha256": "2c3fbfb89a8eadf6a82836b2443bc4d9578cb83847daf37cf6ab6074daf4fcda"},
    "libgles2": {"version": "1.6.0-1", "architecture": "amd64", "filename": "libgles2_1.6.0-1_amd64.deb", "sha256": "07b2f51b8aa3c8d6d928133cd46087bd8793d0d67c203f09fc289d45a2cf5f47"},
    "mesa-vulkan-drivers": {"version": "22.3.6-1+deb12u1", "architecture": "amd64", "filename": "mesa-vulkan-drivers_22.3.6-1+deb12u1_amd64.deb", "sha256": "0125dc2607378f2c4f039027435bc7fc508debc6bd45b4ef9e99975dc20a540a"},
    "libwayland-client0": {"version": "1.21.0-1", "architecture": "amd64", "filename": "libwayland-client0_1.21.0-1_amd64.deb", "sha256": "1f002d028b8b79eec9847c636d8886d10dfe8c884cc2bebe18086b1391c5a28d"},
    "libwayland-server0": {"version": "1.21.0-1", "architecture": "amd64", "filename": "libwayland-server0_1.21.0-1_amd64.deb", "sha256": "df0396221d7b794496a687ec61fae82b6465648bc0ab6501ba0a5ed7f56eb8d6"},
    "wayland-protocols": {"version": "1.31-1", "architecture": "all", "filename": "wayland-protocols_1.31-1_all.deb", "sha256": "562996db023320a80dad09a7aeb074186d9f3ec80d36f672e24596813bb4a580"},
    "cage": {"version": "0.1.4-4", "architecture": "amd64", "filename": "cage_0.1.4-4_amd64.deb", "sha256": "645c605def426834754aa7d342dc4ec8ee5a005286703b56a520713ea819b74c"},
    "seatd": {"version": "0.7.0-6", "architecture": "amd64", "filename": "seatd_0.7.0-6_amd64.deb", "sha256": "65a368a20915a012907a0b7d1d3a7b617b5a6a75dd74227b2dfd700c43cef90c"},
    "mpv": {"version": "0.35.1-4", "architecture": "amd64", "filename": "mpv_0.35.1-4_amd64.deb", "sha256": "338eb85ccfe0faeeb98841ef403e40893bec2e87186bfc7d4f02359a14dd9253"},
    "libmpv2": {"version": "0.35.1-4", "architecture": "amd64", "filename": "libmpv2_0.35.1-4_amd64.deb", "sha256": "fac5bfd2a518b6ea7fc295c0e095521555013aca4b336b3c338705514eb3e49a"}
    }
  }
